
Microsoft Visual Studio Solution File, Format Version 12.00
# Visual Studio Version 17
VisualStudioVersion = 17.5.33516.290
MinimumVisualStudioVersion = 10.0.40219.1
Project("{FAE04EC0-301F-11D3-BF4B-00C04F79EFBC}") = "Blazor", "Blazor.csproj", "{EDA4A9FA-2280-456B-A398-DFA1DF39EFBD}"
EndProject
Global
	GlobalSection(SolutionConfigurationPlatforms) = preSolution
		Debug|Any CPU = Debug|Any CPU
		Release|Any CPU = Release|Any CPU
	EndGlobalSection
	GlobalSection(ProjectConfigurationPlatforms) = postSolution
		{EDA4A9FA-2280-456B-A398-DFA1DF39EFBD}.Debug|Any CPU.ActiveCfg = Debug|Any CPU
		{EDA4A9FA-2280-456B-A398-DFA1DF39EFBD}.Debug|Any CPU.Build.0 = Debug|Any CPU
		{EDA4A9FA-2280-456B-A398-DFA1DF39EFBD}.Release|Any CPU.ActiveCfg = Release|Any CPU
		{EDA4A9FA-2280-456B-A398-DFA1DF39EFBD}.Release|Any CPU.Build.0 = Release|Any CPU
	EndGlobalSection
	GlobalSection(SolutionProperties) = preSolution
		HideSolutionNode = FALSE
	EndGlobalSection
	GlobalSection(ExtensibilityGlobals) = postSolution
		SolutionGuid = {2D70B684-4C88-4C6C-8CD3-AEB4B4E98625}
	EndGlobalSection
EndGlobal
